
Microsoft Visual Studio Solution File, Format Version 12.00
# Visual Studio 14
VisualStudioVersion = 14.0.23107.0
MinimumVisualStudioVersion = 10.0.40219.1
Project("{FAE04EC0-301F-11D3-BF4B-00C04F79EFBC}") = "OOP", "OOP\OOP.csproj", "{BE4E5869-801F-44ED-A1DE-8E9116090206}"
EndProject
Project("{FAE04EC0-301F-11D3-BF4B-00C04F79EFBC}") = "Encapsulation", "Encapsulation\Encapsulation.csproj", "{A92A4EEC-7344-4770-8F92-C15C5701022C}"
EndProject
Project("{FAE04EC0-301F-11D3-BF4B-00C04F79EFBC}") = "Inheritance", "Inheritance\Inheritance.csproj", "{1B8D7E63-B916-40A9-86F5-64FCCD4D48BD}"
EndProject
Project("{FAE04EC0-301F-11D3-BF4B-00C04F79EFBC}") = "Polymorhism", "Polymorhism\Polymorhism.csproj", "{1B566B66-DEE3-49C4-9392-CFC2A37C05DC}"
EndProject
Project("{FAE04EC0-301F-11D3-BF4B-00C04F79EFBC}") = "Struct-Enum", "Struct-Enum\Struct-Enum.csproj", "{C8058A82-D86D-440F-9A26-CBCD729E4D47}"
EndProject
Global
	GlobalSection(SolutionConfigurationPlatforms) = preSolution
		Debug|Any CPU = Debug|Any CPU
		Release|Any CPU = Release|Any CPU
	EndGlobalSection
	GlobalSection(ProjectConfigurationPlatforms) = postSolution
		{BE4E5869-801F-44ED-A1DE-8E9116090206}.Debug|Any CPU.ActiveCfg = Debug|Any CPU
		{BE4E5869-801F-44ED-A1DE-8E9116090206}.Debug|Any CPU.Build.0 = Debug|Any CPU
		{BE4E5869-801F-44ED-A1DE-8E9116090206}.Release|Any CPU.ActiveCfg = Release|Any CPU
		{BE4E5869-801F-44ED-A1DE-8E9116090206}.Release|Any CPU.Build.0 = Release|Any CPU
		{A92A4EEC-7344-4770-8F92-C15C5701022C}.Debug|Any CPU.ActiveCfg = Debug|Any CPU
		{A92A4EEC-7344-4770-8F92-C15C5701022C}.Debug|Any CPU.Build.0 = Debug|Any CPU
		{A92A4EEC-7344-4770-8F92-C15C5701022C}.Release|Any CPU.ActiveCfg = Release|Any CPU
		{A92A4EEC-7344-4770-8F92-C15C5701022C}.Release|Any CPU.Build.0 = Release|Any CPU
		{1B8D7E63-B916-40A9-86F5-64FCCD4D48BD}.Debug|Any CPU.ActiveCfg = Debug|Any CPU
		{1B8D7E63-B916-40A9-86F5-64FCCD4D48BD}.Debug|Any CPU.Build.0 = Debug|Any CPU
		{1B8D7E63-B916-40A9-86F5-64FCCD4D48BD}.Release|Any CPU.ActiveCfg = Release|Any CPU
		{1B8D7E63-B916-40A9-86F5-64FCCD4D48BD}.Release|Any CPU.Build.0 = Release|Any CPU
		{1B566B66-DEE3-49C4-9392-CFC2A37C05DC}.Debug|Any CPU.ActiveCfg = Debug|Any CPU
		{1B566B66-DEE3-49C4-9392-CFC2A37C05DC}.Debug|Any CPU.Build.0 = Debug|Any CPU
		{1B566B66-DEE3-49C4-9392-CFC2A37C05DC}.Release|Any CPU.ActiveCfg = Release|Any CPU
		{1B566B66-DEE3-49C4-9392-CFC2A37C05DC}.Release|Any CPU.Build.0 = Release|Any CPU
		{C8058A82-D86D-440F-9A26-CBCD729E4D47}.Debug|Any CPU.ActiveCfg = Debug|Any CPU
		{C8058A82-D86D-440F-9A26-CBCD729E4D47}.Debug|Any CPU.Build.0 = Debug|Any CPU
		{C8058A82-D86D-440F-9A26-CBCD729E4D47}.Release|Any CPU.ActiveCfg = Release|Any CPU
		{C8058A82-D86D-440F-9A26-CBCD729E4D47}.Release|Any CPU.Build.0 = Release|Any CPU
	EndGlobalSection
	GlobalSection(SolutionProperties) = preSolution
		HideSolutionNode = FALSE
	EndGlobalSection
EndGlobal
